
Microsoft Visual Studio Solution File, Format Version 12.00
# Visual Studio Version 17
VisualStudioVersion = 17.7.34031.279
MinimumVisualStudioVersion = 10.0.40219.1
Project("{FAE04EC0-301F-11D3-BF4B-00C04F79EFBC}") = "19. Class Methods", "19. Class Methods.csproj", "{A906C721-8F73-49CC-82CD-C22FF0F5BB85}"
EndProject
Global
	GlobalSection(SolutionConfigurationPlatforms) = preSolution
		Debug|Any CPU = Debug|Any CPU
		Release|Any CPU = Release|Any CPU
	EndGlobalSection
	GlobalSection(ProjectConfigurationPlatforms) = postSolution
		{A906C721-8F73-49CC-82CD-C22FF0F5BB85}.Debug|Any CPU.ActiveCfg = Debug|Any CPU
		{A906C721-8F73-49CC-82CD-C22FF0F5BB85}.Debug|Any CPU.Build.0 = Debug|Any CPU
		{A906C721-8F73-49CC-82CD-C22FF0F5BB85}.Release|Any CPU.ActiveCfg = Release|Any CPU
		{A906C721-8F73-49CC-82CD-C22FF0F5BB85}.Release|Any CPU.Build.0 = Release|Any CPU
	EndGlobalSection
	GlobalSection(SolutionProperties) = preSolution
		HideSolutionNode = FALSE
	EndGlobalSection
	GlobalSection(ExtensibilityGlobals) = postSolution
		SolutionGuid = {7C901F6F-9D67-4178-82D8-5BE397E25667}
	EndGlobalSection
EndGlobal
